
Microsoft Visual Studio Solution File, Format Version 12.00
# Visual Studio Version 17
VisualStudioVersion = 17.13.35825.156 d17.13
MinimumVisualStudioVersion = 10.0.40219.1
Project("{FAE04EC0-301F-11D3-BF4B-00C04F79EFBC}") = "TNPPlugin", "TNPPlugin.csproj", "{9DF999CE-FF21-4C1E-97DD-4DA2159BBB41}"
EndProject
Global
	GlobalSection(SolutionConfigurationPlatforms) = preSolution
		Debug|Any CPU = Debug|Any CPU
		Release|Any CPU = Release|Any CPU
	EndGlobalSection
	GlobalSection(ProjectConfigurationPlatforms) = postSolution
		{9DF999CE-FF21-4C1E-97DD-4DA2159BBB41}.Debug|Any CPU.ActiveCfg = Debug|Any CPU
		{9DF999CE-FF21-4C1E-97DD-4DA2159BBB41}.Debug|Any CPU.Build.0 = Debug|Any CPU
		{9DF999CE-FF21-4C1E-97DD-4DA2159BBB41}.Release|Any CPU.ActiveCfg = Release|Any CPU
		{9DF999CE-FF21-4C1E-97DD-4DA2159BBB41}.Release|Any CPU.Build.0 = Release|Any CPU
	EndGlobalSection
	GlobalSection(SolutionProperties) = preSolution
		HideSolutionNode = FALSE
	EndGlobalSection
	GlobalSection(ExtensibilityGlobals) = postSolution
		SolutionGuid = {F8F22E73-F192-4CCC-832E-28D8ACC72034}
	EndGlobalSection
EndGlobal
